// !$*UTF8*$!
{
	archiveVersion = 1;
	classes = {
	};
	objectVersion = 46;
	objects = {

/* Begin PBXBuildFile section */
		1817259E1AA51780006702EF /* main.m in Sources */ = {isa = PBXBuildFile; fileRef = 1817259D1AA51780006702EF /* main.m */; };
		181725A11AA51780006702EF /* AppDelegate.m in Sources */ = {isa = PBXBuildFile; fileRef = 181725A01AA51780006702EF /* AppDelegate.m */; };
		181725A41AA51780006702EF /* ViewController.m in Sources */ = {isa = PBXBuildFile; fileRef = 181725A31AA51780006702EF /* ViewController.m */; };
		181725A71AA51780006702EF /* Main.storyboard in Resources */ = {isa = PBXBuildFile; fileRef = 181725A51AA51780006702EF /* Main.storyboard */; };
		181725A91AA51780006702EF /* Images.xcassets in Resources */ = {isa = PBXBuildFile; fileRef = 181725A81AA51780006702EF /* Images.xcassets */; };
		181725AC1AA51780006702EF /* LaunchScreen.xib in Resources */ = {isa = PBXBuildFile; fileRef = 181725AA1AA51780006702EF /* LaunchScreen.xib */; };
		181725B81AA51780006702EF /* PhotoBombersTests.m in Sources */ = {isa = PBXBuildFile; fileRef = 181725B71AA51780006702EF /* PhotoBombersTests.m */; };
/* End PBXBuildFile section */

/* Begin PBXContainerItemProxy section */
		181725B21AA51780006702EF /* PBXContainerItemProxy */ = {
			isa = PBXContainerItemProxy;
			containerPortal = 181725901AA51780006702EF /* Project object */;
			proxyType = 1;
			remoteGlobalIDString = 181725971AA51780006702EF;
			remoteInfo = PhotoBombers;
		};
/* End PBXContainerItemProxy section */

/* Begin PBXFileReference section */
		181725981AA51780006702EF /* PhotoBombers.app */ = {isa = PBXFileReference; explicitFileType = wrapper.application; includeInIndex = 0; path = PhotoBombers.app; sourceTree = BUILT_PRODUCTS_DIR; };
		1817259C1AA51780006702EF /* Info.plist */ = {isa = PBXFileReference; lastKnownFileType = text.plist.xml; path = Info.plist; sourceTree = "<group>"; };
		1817259D1AA51780006702EF /* main.m */ = {isa = PBXFileReference; lastKnownFileType = sourcecode.c.objc; path = main.m; sourceTree = "<group>"; };
		1817259F1AA51780006702EF /* AppDelegate.h */ = {isa = PBXFileReference; lastKnownFileType = sourcecode.c.h; path = AppDelegate.h; sourceTree = "<group>"; };
		181725A01AA51780006702EF /* AppDelegate.m */ = {isa = PBXFileReference; lastKnownFileType = sourcecode.c.objc; path = AppDelegate.m; sourceTree = "<group>"; };
		181725A21AA51780006702EF /* ViewController.h */ = {isa = PBXFileReference; lastKnownFileType = sourcecode.c.h; path = ViewController.h; sourceTree = "<group>"; };
		181725A31AA51780006702EF /* ViewController.m */ = {isa = PBXFileReference; lastKnownFileType = sourcecode.c.objc; path = ViewController.m; sourceTree = "<group>"; };
		181725A61AA51780006702EF /* Base */ = {isa = PBXFileReference; lastKnownFileType = file.storyboard; name = Base; path = Base.lproj/Main.storyboard; sourceTree = "<group>"; };
		181725A81AA51780006702EF /* Images.xcassets */ = {isa = PBXFileReference; lastKnownFileType = folder.assetcatalog; path = Images.xcassets; sourceTree = "<group>"; };
		181725AB1AA51780006702EF /* Base */ = {isa = PBXFileReference; lastKnownFileType = file.xib; name = Base; path = Base.lproj/LaunchScreen.xib; sourceTree = "<group>"; };
		181725B11AA51780006702EF /* PhotoBombersTests.xctest */ = {isa = PBXFileReference; explicitFileType = wrapper.cfbundle; includeInIndex = 0; path = PhotoBombersTests.xctest; sourceTree = BUILT_PRODUCTS_DIR; };
		181725B61AA51780006702EF /* Info.plist */ = {isa = PBXFileReference; lastKnownFileType = text.plist.xml; path = Info.plist; sourceTree = "<group>"; };
		181725B71AA51780006702EF /* PhotoBombersTests.m */ = {isa = PBXFileReference; lastKnownFileType = sourcecode.c.objc; path = PhotoBombersTests.m; sourceTree = "<group>"; };
/* End PBXFileReference section */

/* Begin PBXFrameworksBuildPhase section */
		181725951AA51780006702EF /* Frameworks */ = {
			isa = PBXFrameworksBuildPhase;
			buildActionMask = 2147483647;
			files = (
			);
			runOnlyForDeploymentPostprocessing = 0;
		};
		181725AE1AA51780006702EF /* Frameworks */ = {
			isa = PBXFrameworksBuildPhase;
			buildActionMask = 2147483647;
			files = (
			);
			runOnlyForDeploymentPostprocessing = 0;
		};
/* End PBXFrameworksBuildPhase section */

/* Begin PBXGroup section */
		1817258F1AA51780006702EF = {
			isa = PBXGroup;
			children = (
				1817259A1AA51780006702EF /* PhotoBombers */,
				181725B41AA51780006702EF /* PhotoBombersTests */,
				181725991AA51780006702EF /* Products */,
			);
			sourceTree = "<group>";
		};
		181725991AA51780006702EF /* Products */ = {
			isa = PBXGroup;
			children = (
				181725981AA51780006702EF /* PhotoBombers.app */,
				181725B11AA51780006702EF /* PhotoBombersTests.xctest */,
			);
			name = Products;
			sourceTree = "<group>";
		};
		1817259A1AA51780006702EF /* PhotoBombers */ = {
			isa = PBXGroup;
			children = (
				1817259F1AA51780006702EF /* AppDelegate.h */,
				181725A01AA51780006702EF /* AppDelegate.m */,
				181725A21AA51780006702EF /* ViewController.h */,
				181725A31AA51780006702EF /* ViewController.m */,
				181725A51AA51780006702EF /* Main.storyboard */,
				181725A81AA51780006702EF /* Images.xcassets */,
				181725AA1AA51780006702EF /* LaunchScreen.xib */,
				1817259B1AA51780006702EF /* Supporting Files */,
			);
			path = PhotoBombers;
			sourceTree = "<group>";
		};
		1817259B1AA51780006702EF /* Supporting Files */ = {
			isa = PBXGroup;
			children = (
				1817259C1AA51780006702EF /* Info.plist */,
				1817259D1AA51780006702EF /* main.m */,
			);
			name = "Supporting Files";
			sourceTree = "<group>";
		};
		181725B41AA51780006702EF /* PhotoBombersTests */ = {
			isa = PBXGroup;
			children = (
				181725B71AA51780006702EF /* PhotoBombersTests.m */,
				181725B51AA51780006702EF /* Supporting Files */,
			);
			path = PhotoBombersTests;
			sourceTree = "<group>";
		};
		181725B51AA51780006702EF /* Supporting Files */ = {
			isa = PBXGroup;
			children = (
				181725B61AA51780006702EF /* Info.plist */,
			);
			name = "Supporting Files";
			sourceTree = "<group>";
		};
/* End PBXGroup section */

/* Begin PBXNativeTarget section */
		181725971AA51780006702EF /* PhotoBombers */ = {
			isa = PBXNativeTarget;
			buildConfigurationList = 181725BB1AA51780006702EF /* Build configuration list for PBXNativeTarget "PhotoBombers" */;
			buildPhases = (
				181725941AA51780006702EF /* Sources */,
				181725951AA51780006702EF /* Frameworks */,
				181725961AA51780006702EF /* Resources */,
			);
			buildRules = (
			);
			dependencies = (
			);
			name = PhotoBombers;
			productName = PhotoBombers;
			productReference = 181725981AA51780006702EF /* PhotoBombers.app */;
			productType = "com.apple.product-type.application";
		};
		181725B01AA51780006702EF /* PhotoBombersTests */ = {
			isa = PBXNativeTarget;
			buildConfigurationList = 181725BE1AA51780006702EF /* Build configuration list for PBXNativeTarget "PhotoBombersTests" */;
			buildPhases = (
				181725AD1AA51780006702EF /* Sources */,
				181725AE1AA51780006702EF /* Frameworks */,
				181725AF1AA51780006702EF /* Resources */,
			);
			buildRules = (
			);
			dependencies = (
				181725B31AA51780006702EF /* PBXTargetDependency */,
			);
			name = PhotoBombersTests;
			productName = PhotoBombersTests;
			productReference = 181725B11AA51780006702EF /* PhotoBombersTests.xctest */;
			productType = "com.apple.product-type.bundle.unit-test";
		};
/* End PBXNativeTarget section */

/* Begin PBXProject section */
		181725901AA51780006702EF /* Project object */ = {
			isa = PBXProject;
			attributes = {
				LastUpgradeCheck = 0610;
				ORGANIZATIONNAME = "Sherrie Jones";
				TargetAttributes = {
					181725971AA51780006702EF = {
						CreatedOnToolsVersion = 6.1.1;
					};
					181725B01AA51780006702EF = {
						CreatedOnToolsVersion = 6.1.1;
						TestTargetID = 181725971AA51780006702EF;
					};
				};
			};
			buildConfigurationList = 181725931AA51780006702EF /* Build configuration list for PBXProject "PhotoBombers" */;
			compatibilityVersion = "Xcode 3.2";
			developmentRegion = English;
			hasScannedForEncodings = 0;
			knownRegions = (
				en,
				Base,
			);
			mainGroup = 1817258F1AA51780006702EF;
			productRefGroup = 181725991AA51780006702EF /* Products */;
			projectDirPath = "";
			projectRoot = "";
			targets = (
				181725971AA51780006702EF /* PhotoBombers */,
				181725B01AA51780006702EF /* PhotoBombersTests */,
			);
		};
/* End PBXProject section */

/* Begin PBXResourcesBuildPhase section */
		181725961AA51780006702EF /* Resources */ = {
			isa = PBXResourcesBuildPhase;
			buildActionMask = 2147483647;
			files = (
				181725A71AA51780006702EF /* Main.storyboard in Resources */,
				181725AC1AA51780006702EF /* LaunchScreen.xib in Resources */,
				181725A91AA51780006702EF /* Images.xcassets in Resources */,
			);
			runOnlyForDeploymentPostprocessing = 0;
		};
		181725AF1AA51780006702EF /* Resources */ = {
			isa = PBXResourcesBuildPhase;
			buildActionMask = 2147483647;
			files = (
			);
			runOnlyForDeploymentPostprocessing = 0;
		};
/* End PBXResourcesBuildPhase section */

/* Begin PBXSourcesBuildPhase section */
		181725941AA51780006702EF /* Sources */ = {
			isa = PBXSourcesBuildPhase;
			buildActionMask = 2147483647;
			files = (
				181725A41AA51780006702EF /* ViewController.m in Sources */,
				181725A11AA51780006702EF /* AppDelegate.m in Sources */,
				1817259E1AA51780006702EF /* main.m in Sources */,
			);
			runOnlyForDeploymentPostprocessing = 0;
		};
		181725AD1AA51780006702EF /* Sources */ = {
			isa = PBXSourcesBuildPhase;
			buildActionMask = 2147483647;
			files = (
				181725B81AA51780006702EF /* PhotoBombersTests.m in Sources */,
			);
			runOnlyForDeploymentPostprocessing = 0;
		};
/* End PBXSourcesBuildPhase section */

/* Begin PBXTargetDependency section */
		181725B31AA51780006702EF /* PBXTargetDependency */ = {
			isa = PBXTargetDependency;
			target = 181725971AA51780006702EF /* PhotoBombers */;
			targetProxy = 181725B21AA51780006702EF /* PBXContainerItemProxy */;
		};
/* End PBXTargetDependency section */

/* Begin PBXVariantGroup section */
		181725A51AA51780006702EF /* Main.storyboard */ = {
			isa = PBXVariantGroup;
			children = (
				181725A61AA51780006702EF /* Base */,
			);
			name = Main.storyboard;
			sourceTree = "<group>";
		};
		181725AA1AA51780006702EF /* LaunchScreen.xib */ = {
			isa = PBXVariantGroup;
			children = (
				181725AB1AA51780006702EF /* Base */,
			);
			name = LaunchScreen.xib;
			sourceTree = "<group>";
		};
/* End PBXVariantGroup section */

/* Begin XCBuildConfiguration section */
		181725B91AA51780006702EF /* Debug */ = {
			isa = XCBuildConfiguration;
			buildSettings = {
				ALWAYS_SEARCH_USER_PATHS = NO;
				CLANG_CXX_LANGUAGE_STANDARD = "gnu++0x";
				CLANG_CXX_LIBRARY = "libc++";
				CLANG_ENABLE_MODULES = YES;
				CLANG_ENABLE_OBJC_ARC = YES;
				CLANG_WARN_BOOL_CONVERSION = YES;
				CLANG_WARN_CONSTANT_CONVERSION = YES;
				CLANG_WARN_DIRECT_OBJC_ISA_USAGE = YES_ERROR;
				CLANG_WARN_EMPTY_BODY = YES;
				CLANG_WARN_ENUM_CONVERSION = YES;
				CLANG_WARN_INT_CONVERSION = YES;
				CLANG_WARN_OBJC_ROOT_CLASS = YES_ERROR;
				CLANG_WARN_UNREACHABLE_CODE = YES;
				CLANG_WARN__DUPLICATE_METHOD_MATCH = YES;
				"CODE_SIGN_IDENTITY[sdk=iphoneos*]" = "iPhone Developer";
				COPY_PHASE_STRIP = NO;
				ENABLE_STRICT_OBJC_MSGSEND = YES;
				GCC_C_LANGUAGE_STANDARD = gnu99;
				GCC_DYNAMIC_NO_PIC = NO;
				GCC_OPTIMIZATION_LEVEL = 0;
				GCC_PREPROCESSOR_DEFINITIONS = (
					"DEBUG=1",
					"$(inherited)",
				);
				GCC_SYMBOLS_PRIVATE_EXTERN = NO;
				GCC_WARN_64_TO_32_BIT_CONVERSION = YES;
				GCC_WARN_ABOUT_RETURN_TYPE = YES_ERROR;
				GCC_WARN_UNDECLARED_SELECTOR = YES;
				GCC_WARN_UNINITIALIZED_AUTOS = YES_AGGRESSIVE;
				GCC_WARN_UNUSED_FUNCTION = YES;
				GCC_WARN_UNUSED_VARIABLE = YES;
				IPHONEOS_DEPLOYMENT_TARGET = 8.1;
				MTL_ENABLE_DEBUG_INFO = YES;
				ONLY_ACTIVE_ARCH = YES;
				SDKROOT = iphoneos;
			};
			name = Debug;
		};
		181725BA1AA51780006702EF /* Release */ = {
			isa = XCBuildConfiguration;
			buildSettings = {
				ALWAYS_SEARCH_USER_PATHS = NO;
				CLANG_CXX_LANGUAGE_STANDARD = "gnu++0x";
				CLANG_CXX_LIBRARY = "libc++";
				CLANG_ENABLE_MODULES = YES;
				CLANG_ENABLE_OBJC_ARC = YES;
				CLANG_WARN_BOOL_CONVERSION = YES;
				CLANG_WARN_CONSTANT_CONVERSION = YES;
				CLANG_WARN_DIRECT_OBJC_ISA_USAGE = YES_ERROR;
				CLANG_WARN_EMPTY_BODY = YES;
				CLANG_WARN_ENUM_CONVERSION = YES;
				CLANG_WARN_INT_CONVERSION = YES;
				CLANG_WARN_OBJC_ROOT_CLASS = YES_ERROR;
				CLANG_WARN_UNREACHABLE_CODE = YES;
				CLANG_WARN__DUPLICATE_METHOD_MATCH = YES;
				"CODE_SIGN_IDENTITY[sdk=iphoneos*]" = "iPhone Developer";
				COPY_PHASE_STRIP = YES;
				ENABLE_NS_ASSERTIONS = NO;
				ENABLE_STRICT_OBJC_MSGSEND = YES;
				GCC_C_LANGUAGE_STANDARD = gnu99;
				GCC_WARN_64_TO_32_BIT_CONVERSION = YES;
				GCC_WARN_ABOUT_RETURN_TYPE = YES_ERROR;
				GCC_WARN_UNDECLARED_SELECTOR = YES;
				GCC_WARN_UNINITIALIZED_AUTOS = YES_AGGRESSIVE;
				GCC_WARN_UNUSED_FUNCTION = YES;
				GCC_WARN_UNUSED_VARIABLE = YES;
				IPHONEOS_DEPLOYMENT_TARGET = 8.1;
				MTL_ENABLE_DEBUG_INFO = NO;
				SDKROOT = iphoneos;
				VALIDATE_PRODUCT = YES;
			};
			name = Release;
		};
		181725BC1AA51780006702EF /* Debug */ = {
			isa = XCBuildConfiguration;
			buildSettings = {
				ASSETCATALOG_COMPILER_APPICON_NAME = AppIcon;
				INFOPLIST_FILE = PhotoBombers/Info.plist;
				LD_RUNPATH_SEARCH_PATHS = "$(inherited) @executable_path/Frameworks";
				PRODUCT_NAME = "$(TARGET_NAME)";
			};
			name = Debug;
		};
		181725BD1AA51780006702EF /* Release */ = {
			isa = XCBuildConfiguration;
			buildSettings = {
				ASSETCATALOG_COMPILER_APPICON_NAME = AppIcon;
				INFOPLIST_FILE = PhotoBombers/Info.plist;
				LD_RUNPATH_SEARCH_PATHS = "$(inherited) @executable_path/Frameworks";
				PRODUCT_NAME = "$(TARGET_NAME)";
			};
			name = Release;
		};
		181725BF1AA51780006702EF /* Debug */ = {
			isa = XCBuildConfiguration;
			buildSettings = {
				BUNDLE_LOADER = "$(TEST_HOST)";
				FRAMEWORK_SEARCH_PATHS = (
					"$(SDKROOT)/Developer/Library/Frameworks",
					"$(inherited)",
				);
				GCC_PREPROCESSOR_DEFINITIONS = (
					"DEBUG=1",
					"$(inherited)",
				);
				INFOPLIST_FILE = PhotoBombersTests/Info.plist;
				LD_RUNPATH_SEARCH_PATHS = "$(inherited) @executable_path/Frameworks @loader_path/Frameworks";
				PRODUCT_NAME = "$(TARGET_NAME)";
				TEST_HOST = "$(BUILT_PRODUCTS_DIR)/PhotoBombers.app/PhotoBombers";
			};
			name = Debug;
		};
		181725C01AA51780006702EF /* Release */ = {
			isa = XCBuildConfiguration;
			buildSettings = {
				BUNDLE_LOADER = "$(TEST_HOST)";
				FRAMEWORK_SEARCH_PATHS = (
					"$(SDKROOT)/Developer/Library/Frameworks",
					"$(inherited)",
				);
				INFOPLIST_FILE = PhotoBombersTests/Info.plist;
				LD_RUNPATH_SEARCH_PATHS = "$(inherited) @executable_path/Frameworks @loader_path/Frameworks";
				PRODUCT_NAME = "$(TARGET_NAME)";
				TEST_HOST = "$(BUILT_PRODUCTS_DIR)/PhotoBombers.app/PhotoBombers";
			};
			name = Release;
		};
/* End XCBuildConfiguration section */

/* Begin XCConfigurationList section */
		181725931AA51780006702EF /* Build configuration list for PBXProject "PhotoBombers" */ = {
			isa = XCConfigurationList;
			buildConfigurations = (
				181725B91AA51780006702EF /* Debug */,
				181725BA1AA51780006702EF /* Release */,
			);
			defaultConfigurationIsVisible = 0;
			defaultConfigurationName = Release;
		};
		181725BB1AA51780006702EF /* Build configuration list for PBXNativeTarget "PhotoBombers" */ = {
			isa = XCConfigurationList;
			buildConfigurations = (
				181725BC1AA51780006702EF /* Debug */,
				181725BD1AA51780006702EF /* Release */,
			);
			defaultConfigurationIsVisible = 0;
		};
		181725BE1AA51780006702EF /* Build configuration list for PBXNativeTarget "PhotoBombersTests" */ = {
			isa = XCConfigurationList;
			buildConfigurations = (
				181725BF1AA51780006702EF /* Debug */,
				181725C01AA51780006702EF /* Release */,
			);
			defaultConfigurationIsVisible = 0;
		};
/* End XCConfigurationList section */
	};
	rootObject = 181725901AA51780006702EF /* Project object */;
}
